{
  "name": "convert-ts-to-graphql",
  "version": "1.0.0",
  "lockfileVersion": 1,
  "requires": true,
  "dependencies": {
    "@types/node": {
      "version": "13.1.5",
      "resolved": "http://registry.npm.release.ctripcorp.com/@types/node/download/@types/node-13.1.5.tgz",
      "integrity": "sha1-TV78UqHT5F0T5eyfkRy8Wwicyuw=",
      "dev": true
    },
    "arg": {
      "version": "4.1.2",
      "resolved": "http://registry.npm.release.ctripcorp.com/arg/download/arg-4.1.2.tgz",
      "integrity": "sha1-5wyQV54Cxj2A461OMdi/24vVAGQ=",
      "dev": true
    },
    "buffer-from": {
      "version": "1.1.1",
      "resolved": "http://registry.npm.release.ctripcorp.com/buffer-from/download/buffer-from-1.1.1.tgz",
      "integrity": "sha1-MnE7wCj3XAL9txDXx7zsHyxgcO8=",
      "dev": true
    },
    "diff": {
      "version": "4.0.1",
      "resolved": "http://registry.npm.release.ctripcorp.com/diff/download/diff-4.0.1.tgz",
      "integrity": "sha1-DGZ8tGfru1zqfxTxNcwtuneAqP8=",
      "dev": true
    },
    "make-error": {
      "version": "1.3.5",
      "resolved": "http://registry.npm.release.ctripcorp.com/make-error/download/make-error-1.3.5.tgz",
      "integrity": "sha1-7+ToH22yjK3WBccPKcgxtY73dsg=",
      "dev": true
    },
    "source-map": {
      "version": "0.6.1",
      "resolved": "http://registry.npm.release.ctripcorp.com/source-map/download/source-map-0.6.1.tgz",
      "integrity": "sha1-dHIq8y6WFOnCh6jQu95IteLxomM=",
      "dev": true
    },
    "source-map-support": {
      "version": "0.5.16",
      "resolved": "http://registry.npm.release.ctripcorp.com/source-map-support/download/source-map-support-0.5.16.tgz",
      "integrity": "sha1-CuBp5/47p1OMZMmFFeNTOerFoEI=",
      "dev": true,
      "requires": {
        "buffer-from": "^1.0.0",
        "source-map": "^0.6.0"
      }
    },
    "ts-node": {
      "version": "8.5.4",
      "resolved": "http://registry.npm.release.ctripcorp.com/ts-node/download/ts-node-8.5.4.tgz",
      "integrity": "sha1-oVKt0R+hnCIdC0iWLCEM9GcmKrI=",
      "dev": true,
      "requires": {
        "arg": "^4.1.0",
        "diff": "^4.0.1",
        "make-error": "^1.1.1",
        "source-map-support": "^0.5.6",
        "yn": "^3.0.0"
      }
    },
    "typescript": {
      "version": "3.7.4",
      "resolved": "http://registry.npm.release.ctripcorp.com/typescript/download/typescript-3.7.4.tgz",
      "integrity": "sha1-F0Ol7F/vah+p8+RwjjPIHHOHbBk="
    },
    "yn": {
      "version": "3.1.1",
      "resolved": "http://registry.npm.release.ctripcorp.com/yn/download/yn-3.1.1.tgz",
      "integrity": "sha1-HodAGgnXZ8HV6rJqbkwYUYLS61A=",
      "dev": true
    }
  }
}
